Microsoft Visual Studio Solution File, Format Version 10.00
# Visual Studio 2008
Project("{FAE04EC0-301F-11D3-BF4B-00C04F79EFBC}") = "A899Example", "A899Example\A899Example.csproj", "{28885FFE-3CE6-4F73-9827-EF2F74EE033E}"
EndProject
Global
	GlobalSection(SolutionConfigurationPlatforms) = preSolution
		Debug|Any CPU = Debug|Any CPU
		Release|Any CPU = Release|Any CPU
	EndGlobalSection
	GlobalSection(ProjectConfigurationPlatforms) = postSolution
		{28885FFE-3CE6-4F73-9827-EF2F74EE033E}.Debug|Any CPU.ActiveCfg = Debug|Any CPU
		{28885FFE-3CE6-4F73-9827-EF2F74EE033E}.Debug|Any CPU.Build.0 = Debug|Any CPU
		{28885FFE-3CE6-4F73-9827-EF2F74EE033E}.Release|Any CPU.ActiveCfg = Release|Any CPU
		{28885FFE-3CE6-4F73-9827-EF2F74EE033E}.Release|Any CPU.Build.0 = Release|Any CPU
	EndGlobalSection
	GlobalSection(SolutionProperties) = preSolution
		HideSolutionNode = FALSE
	EndGlobalSection
EndGlobal
